
Microsoft Visual Studio Solution File, Format Version 12.00
# Visual Studio Version 17
VisualStudioVersion = 17.0.31903.59
MinimumVisualStudioVersion = 10.0.40219.1
Project("{FAE04EC0-301F-11D3-BF4B-00C04F79EFBC}") = "Commonnote", "Commonnote\Commonnote.csproj", "{96D709AD-58BE-262A-569C-5DD1F25BFC8E}"
EndProject
Project("{FAE04EC0-301F-11D3-BF4B-00C04F79EFBC}") = "CommonnoteUtauCopy", "CommonnoteUtauCopy\CommonnoteUtauCopy.csproj", "{FF685054-3EB7-3CB6-F9B4-3A51EAA3F915}"
EndProject
Project("{FAE04EC0-301F-11D3-BF4B-00C04F79EFBC}") = "CommonnoteUtauPaste", "CommonnoteUtauPaste\CommonnoteUtauPaste.csproj", "{0A8A3689-0B48-CFFA-9F01-4C4939D5FDD2}"
EndProject
Global
	GlobalSection(SolutionConfigurationPlatforms) = preSolution
		Debug|Any CPU = Debug|Any CPU
		Release|Any CPU = Release|Any CPU
	EndGlobalSection
	GlobalSection(ProjectConfigurationPlatforms) = postSolution
		{96D709AD-58BE-262A-569C-5DD1F25BFC8E}.Debug|Any CPU.ActiveCfg = Debug|Any CPU
		{96D709AD-58BE-262A-569C-5DD1F25BFC8E}.Debug|Any CPU.Build.0 = Debug|Any CPU
		{96D709AD-58BE-262A-569C-5DD1F25BFC8E}.Release|Any CPU.ActiveCfg = Release|Any CPU
		{96D709AD-58BE-262A-569C-5DD1F25BFC8E}.Release|Any CPU.Build.0 = Release|Any CPU
		{FF685054-3EB7-3CB6-F9B4-3A51EAA3F915}.Debug|Any CPU.ActiveCfg = Debug|Any CPU
		{FF685054-3EB7-3CB6-F9B4-3A51EAA3F915}.Debug|Any CPU.Build.0 = Debug|Any CPU
		{FF685054-3EB7-3CB6-F9B4-3A51EAA3F915}.Release|Any CPU.ActiveCfg = Release|Any CPU
		{FF685054-3EB7-3CB6-F9B4-3A51EAA3F915}.Release|Any CPU.Build.0 = Release|Any CPU
		{0A8A3689-0B48-CFFA-9F01-4C4939D5FDD2}.Debug|Any CPU.ActiveCfg = Debug|Any CPU
		{0A8A3689-0B48-CFFA-9F01-4C4939D5FDD2}.Debug|Any CPU.Build.0 = Debug|Any CPU
		{0A8A3689-0B48-CFFA-9F01-4C4939D5FDD2}.Release|Any CPU.ActiveCfg = Release|Any CPU
		{0A8A3689-0B48-CFFA-9F01-4C4939D5FDD2}.Release|Any CPU.Build.0 = Release|Any CPU
	EndGlobalSection
	GlobalSection(SolutionProperties) = preSolution
		HideSolutionNode = FALSE
	EndGlobalSection
EndGlobal
